
Microsoft Visual Studio Solution File, Format Version 12.00
# Visual Studio Version 17
VisualStudioVersion = 17.3.32929.385
MinimumVisualStudioVersion = 10.0.40219.1
Project("{FAE04EC0-301F-11D3-BF4B-00C04F79EFBC}") = "DotNetPipeline", "DotNetPipeline\DotNetPipeline.csproj", "{36516D08-BCB7-40CA-84A1-8E330FDA06C6}"
EndProject
Global
	GlobalSection(SolutionConfigurationPlatforms) = preSolution
		Debug|Any CPU = Debug|Any CPU
		Release|Any CPU = Release|Any CPU
	EndGlobalSection
	GlobalSection(ProjectConfigurationPlatforms) = postSolution
		{36516D08-BCB7-40CA-84A1-8E330FDA06C6}.Debug|Any CPU.ActiveCfg = Debug|Any CPU
		{36516D08-BCB7-40CA-84A1-8E330FDA06C6}.Debug|Any CPU.Build.0 = Debug|Any CPU
		{36516D08-BCB7-40CA-84A1-8E330FDA06C6}.Release|Any CPU.ActiveCfg = Release|Any CPU
		{36516D08-BCB7-40CA-84A1-8E330FDA06C6}.Release|Any CPU.Build.0 = Release|Any CPU
	EndGlobalSection
	GlobalSection(SolutionProperties) = preSolution
		HideSolutionNode = FALSE
	EndGlobalSection
	GlobalSection(ExtensibilityGlobals) = postSolution
		SolutionGuid = {563A62A7-4763-471C-B2A2-8DFB60F7DB8A}
	EndGlobalSection
EndGlobal
